
Microsoft Visual Studio Solution File, Format Version 12.00
# Visual Studio Version 16
VisualStudioVersion = 16.0.30002.166
MinimumVisualStudioVersion = 10.0.40219.1
Project("{FAE04EC0-301F-11D3-BF4B-00C04F79EFBC}") = "EVEN STRING", "EVEN STRING\EVEN STRING.csproj", "{FCC6EEB3-E2B5-4570-A830-1B5CC0D2D883}"
EndProject
Global
	GlobalSection(SolutionConfigurationPlatforms) = preSolution
		Debug|Any CPU = Debug|Any CPU
		Release|Any CPU = Release|Any CPU
	EndGlobalSection
	GlobalSection(ProjectConfigurationPlatforms) = postSolution
		{FCC6EEB3-E2B5-4570-A830-1B5CC0D2D883}.Debug|Any CPU.ActiveCfg = Debug|Any CPU
		{FCC6EEB3-E2B5-4570-A830-1B5CC0D2D883}.Debug|Any CPU.Build.0 = Debug|Any CPU
		{FCC6EEB3-E2B5-4570-A830-1B5CC0D2D883}.Release|Any CPU.ActiveCfg = Release|Any CPU
		{FCC6EEB3-E2B5-4570-A830-1B5CC0D2D883}.Release|Any CPU.Build.0 = Release|Any CPU
	EndGlobalSection
	GlobalSection(SolutionProperties) = preSolution
		HideSolutionNode = FALSE
	EndGlobalSection
	GlobalSection(ExtensibilityGlobals) = postSolution
		SolutionGuid = {A8A60772-B663-4519-96C6-498068D47061}
	EndGlobalSection
EndGlobal
